
Microsoft Visual Studio Solution File, Format Version 12.00
# Visual Studio Version 17
VisualStudioVersion = 17.2.32519.379
MinimumVisualStudioVersion = 10.0.40219.1
Project("{FAE04EC0-301F-11D3-BF4B-00C04F79EFBC}") = "NZWalks.API", "NZWalks.API\NZWalks.API.csproj", "{64F29589-64E9-465F-8E70-0342B3AA9147}"
EndProject
Global
	GlobalSection(SolutionConfigurationPlatforms) = preSolution
		Debug|Any CPU = Debug|Any CPU
		Release|Any CPU = Release|Any CPU
	EndGlobalSection
	GlobalSection(ProjectConfigurationPlatforms) = postSolution
		{64F29589-64E9-465F-8E70-0342B3AA9147}.Debug|Any CPU.ActiveCfg = Debug|Any CPU
		{64F29589-64E9-465F-8E70-0342B3AA9147}.Debug|Any CPU.Build.0 = Debug|Any CPU
		{64F29589-64E9-465F-8E70-0342B3AA9147}.Release|Any CPU.ActiveCfg = Release|Any CPU
		{64F29589-64E9-465F-8E70-0342B3AA9147}.Release|Any CPU.Build.0 = Release|Any CPU
	EndGlobalSection
	GlobalSection(SolutionProperties) = preSolution
		HideSolutionNode = FALSE
	EndGlobalSection
	GlobalSection(ExtensibilityGlobals) = postSolution
		SolutionGuid = {73D87A42-8B4E-4AAA-A54B-981C4394971B}
	EndGlobalSection
EndGlobal
